
Microsoft Visual Studio Solution File, Format Version 12.00
# Visual Studio Version 16
VisualStudioVersion = 16.0.30225.117
MinimumVisualStudioVersion = 10.0.40219.1
Project("{FAE04EC0-301F-11D3-BF4B-00C04F79EFBC}") = "Menu", "Menu\Menu.csproj", "{B87B1CA6-73D7-4778-BCF7-1112B90E93CD}"
EndProject
Global
	GlobalSection(SolutionConfigurationPlatforms) = preSolution
		Debug|Any CPU = Debug|Any CPU
		Release|Any CPU = Release|Any CPU
	EndGlobalSection
	GlobalSection(ProjectConfigurationPlatforms) = postSolution
		{B87B1CA6-73D7-4778-BCF7-1112B90E93CD}.Debug|Any CPU.ActiveCfg = Debug|Any CPU
		{B87B1CA6-73D7-4778-BCF7-1112B90E93CD}.Debug|Any CPU.Build.0 = Debug|Any CPU
		{B87B1CA6-73D7-4778-BCF7-1112B90E93CD}.Release|Any CPU.ActiveCfg = Release|Any CPU
		{B87B1CA6-73D7-4778-BCF7-1112B90E93CD}.Release|Any CPU.Build.0 = Release|Any CPU
	EndGlobalSection
	GlobalSection(SolutionProperties) = preSolution
		HideSolutionNode = FALSE
	EndGlobalSection
	GlobalSection(ExtensibilityGlobals) = postSolution
		SolutionGuid = {753E848F-6206-43DC-9D38-EF0F73E903D4}
	EndGlobalSection
EndGlobal
